{
  "nodes": {
    "nixpkgs": {
      "locked": {
        "lastModified": 1787498568,
        "narHash": "sha256-9i/VTdusq/+NM/tz+J1Re+ojkMB8MBf0QshnYfzHz30=",
        "owner": "NixOS",
        "repo": "nixpkgs",
        "rev": "56c02bc00adcf003215cc4bd996d6efaf4cff188",
        "type": "github"
      },
      "original": {
        "owner": "NixOS",
        "ref": "nixos-unstable",
        "repo": "nixpkgs",
        "type": "github"
      }
    },
    "root": {
      "inputs": {
        "nixpkgs": "nixpkgs",
        "serenity": "serenity"
      }
    },
    "serenity": {
      "flake": false,
      "locked": {
        "lastModified": 1787660975,
        "narHash": "sha256-7wtzKbBQ5MfItLyqqzadU2rNGTa+Nqrf/3KNr/Lg10M=",
        "owner": "SerenityOS",
        "repo": "serenity",
        "rev": "fed29b0c203446756d74d144743c77589d116a05",
        "type": "github"
      },
      "original": {
        "owner": "SerenityOS",
        "repo": "serenity",
        "type": "github"
      }
    }
  },
  "root": "root",
  "version": 7
}
