{
  "nodes": {
    "nixpkgs": {
      "locked": {
        "lastModified": 1788179007,
        "narHash": "sha256-hn1oU2rue2SYK8dAr8+WNZWtbsz1S2W5mnHlSEuh3bo=",
        "owner": "NixOS",
        "repo": "nixpkgs",
        "rev": "34ab99075ac4f7e40cf037eef32cb1c360bb85e9",
        "type": "github"
      },
      "original": {
        "owner": "NixOS",
        "ref": "nixos-unstable",
        "repo": "nixpkgs",
        "type": "github"
      }
    },
    "root": {
      "inputs": {
        "nixpkgs": "nixpkgs",
        "serenity": "serenity"
      }
    },
    "serenity": {
      "flake": false,
      "locked": {
        "lastModified": 1788227904,
        "narHash": "sha256-jIYuZLW6Qj9xJb6Zz7XlxTU5TadIcOVcuJyd7Gx5Wbw=",
        "owner": "SerenityOS",
        "repo": "serenity",
        "rev": "262942c932a0e33fd1d9d6b056a1f6d8ee07608a",
        "type": "github"
      },
      "original": {
        "owner": "SerenityOS",
        "repo": "serenity",
        "type": "github"
      }
    }
  },
  "root": "root",
  "version": 7
}
