{
  "nodes": {
    "nixpkgs": {
      "locked": {
        "lastModified": 1790689126,
        "narHash": "sha256-ilerN1WLSvF+HMjziC/Wv99J5y02maDH+6hZPwsORKg=",
        "owner": "NixOS",
        "repo": "nixpkgs",
        "rev": "b4fd65b198c599cbe814fcb9f42d25d021595ec9",
        "type": "github"
      },
      "original": {
        "owner": "NixOS",
        "ref": "nixos-unstable",
        "repo": "nixpkgs",
        "type": "github"
      }
    },
    "root": {
      "inputs": {
        "nixpkgs": "nixpkgs",
        "serenity": "serenity"
      }
    },
    "serenity": {
      "flake": false,
      "locked": {
        "lastModified": 1790829777,
        "narHash": "sha256-UuwP9rUUbHVIV9DyW6dfJhRHIwERb7b6kq3Cnq0hnbc=",
        "owner": "SerenityOS",
        "repo": "serenity",
        "rev": "9e83d4e12eef32baa0d1b40dc2802dff8a3640aa",
        "type": "github"
      },
      "original": {
        "owner": "SerenityOS",
        "repo": "serenity",
        "type": "github"
      }
    }
  },
  "root": "root",
  "version": 7
}
